
Microsoft Visual Studio Solution File, Format Version 12.00
# Visual Studio Version 17
VisualStudioVersion = 17.13.35806.99 d17.13
MinimumVisualStudioVersion = 10.0.40219.1
Project("{FAE04EC0-301F-11D3-BF4B-00C04F79EFBC}") = "q1", "q1.csproj", "{B4A3167D-C5E7-46C9-B79B-DF66F9BE1078}"
EndProject
Project("{FAE04EC0-301F-11D3-BF4B-00C04F79EFBC}") = "q2", "..\q2\q2.csproj", "{E2019565-5486-4427-998B-00359604E198}"
EndProject
Global
	GlobalSection(SolutionConfigurationPlatforms) = preSolution
		Debug|Any CPU = Debug|Any CPU
		Release|Any CPU = Release|Any CPU
	EndGlobalSection
	GlobalSection(ProjectConfigurationPlatforms) = postSolution
		{B4A3167D-C5E7-46C9-B79B-DF66F9BE1078}.Debug|Any CPU.ActiveCfg = Debug|Any CPU
		{B4A3167D-C5E7-46C9-B79B-DF66F9BE1078}.Debug|Any CPU.Build.0 = Debug|Any CPU
		{B4A3167D-C5E7-46C9-B79B-DF66F9BE1078}.Release|Any CPU.ActiveCfg = Release|Any CPU
		{B4A3167D-C5E7-46C9-B79B-DF66F9BE1078}.Release|Any CPU.Build.0 = Release|Any CPU
		{E2019565-5486-4427-998B-00359604E198}.Debug|Any CPU.ActiveCfg = Debug|Any CPU
		{E2019565-5486-4427-998B-00359604E198}.Debug|Any CPU.Build.0 = Debug|Any CPU
		{E2019565-5486-4427-998B-00359604E198}.Release|Any CPU.ActiveCfg = Release|Any CPU
		{E2019565-5486-4427-998B-00359604E198}.Release|Any CPU.Build.0 = Release|Any CPU
	EndGlobalSection
	GlobalSection(SolutionProperties) = preSolution
		HideSolutionNode = FALSE
	EndGlobalSection
	GlobalSection(ExtensibilityGlobals) = postSolution
		SolutionGuid = {CE874A9A-401F-49CA-B6D0-EA082BEC1414}
	EndGlobalSection
EndGlobal
